
Microsoft Visual Studio Solution File, Format Version 12.00
# Visual Studio Version 17
VisualStudioVersion = 17.7.34009.444
MinimumVisualStudioVersion = 10.0.40219.1
Project("{9A19103F-16F7-4668-BE54-9A1E7A4F7556}") = "OrdersListWeb", "OrdersListWeb.csproj", "{BBA7F4DE-E3F6-475B-8610-92640E50DA50}"
EndProject
Global
	GlobalSection(SolutionConfigurationPlatforms) = preSolution
		Debug|Any CPU = Debug|Any CPU
		Release|Any CPU = Release|Any CPU
	EndGlobalSection
	GlobalSection(ProjectConfigurationPlatforms) = postSolution
		{BBA7F4DE-E3F6-475B-8610-92640E50DA50}.Debug|Any CPU.ActiveCfg = Debug|Any CPU
		{BBA7F4DE-E3F6-475B-8610-92640E50DA50}.Debug|Any CPU.Build.0 = Debug|Any CPU
		{BBA7F4DE-E3F6-475B-8610-92640E50DA50}.Release|Any CPU.ActiveCfg = Release|Any CPU
		{BBA7F4DE-E3F6-475B-8610-92640E50DA50}.Release|Any CPU.Build.0 = Release|Any CPU
	EndGlobalSection
	GlobalSection(SolutionProperties) = preSolution
		HideSolutionNode = FALSE
	EndGlobalSection
	GlobalSection(ExtensibilityGlobals) = postSolution
		SolutionGuid = {1406C610-5CD3-49EE-844E-19BDFE5E4838}
	EndGlobalSection
EndGlobal
